// !$*UTF8*$!
{
	archiveVersion = 1;
	classes = {
	};
	objectVersion = 46;
	objects = {

/* Begin PBXBuildFile section */
		C93D3F4918888CC60082B63F /* ELCSpaceImageViewController.m in Sources */ = {isa = PBXBuildFile; fileRef = C93D3F4818888CC60082B63F /* ELCSpaceImageViewController.m */; };
		C9495C5F181DAE3900F41065 /* AstronomicalData.m in Sources */ = {isa = PBXBuildFile; fileRef = C9495C5E181DAE3900F41065 /* AstronomicalData.m */; };
		C9A0E00E1875E52600A0AB51 /* ELCTableViewCell.m in Sources */ = {isa = PBXBuildFile; fileRef = C9A0E00D1875E52600A0AB51 /* ELCTableViewCell.m */; };
		C9A70B0818A159E50059ED44 /* ELCSpaceDataViewController.m in Sources */ = {isa = PBXBuildFile; fileRef = C9A70B0718A159E50059ED44 /* ELCSpaceDataViewController.m */; };
		C9CB2DD118182EE400CCED04 /* Foundation.framework in Frameworks */ = {isa = PBXBuildFile; fileRef = C9CB2DD018182EE400CCED04 /* Foundation.framework */; };
		C9CB2DD318182EE400CCED04 /* CoreGraphics.framework in Frameworks */ = {isa = PBXBuildFile; fileRef = C9CB2DD218182EE400CCED04 /* CoreGraphics.framework */; };
		C9CB2DD518182EE400CCED04 /* UIKit.framework in Frameworks */ = {isa = PBXBuildFile; fileRef = C9CB2DD418182EE400CCED04 /* UIKit.framework */; };
		C9CB2DDB18182EE400CCED04 /* InfoPlist.strings in Resources */ = {isa = PBXBuildFile; fileRef = C9CB2DD918182EE400CCED04 /* InfoPlist.strings */; };
		C9CB2DDD18182EE400CCED04 /* main.m in Sources */ = {isa = PBXBuildFile; fileRef = C9CB2DDC18182EE400CCED04 /* main.m */; };
		C9CB2DE118182EE400CCED04 /* ELCAppDelegate.m in Sources */ = {isa = PBXBuildFile; fileRef = C9CB2DE018182EE400CCED04 /* ELCAppDelegate.m */; };
		C9CB2DE418182EE400CCED04 /* Main.storyboard in Resources */ = {isa = PBXBuildFile; fileRef = C9CB2DE218182EE400CCED04 /* Main.storyboard */; };
		C9CB2DE718182EE400CCED04 /* ELCViewController.m in Sources */ = {isa = PBXBuildFile; fileRef = C9CB2DE618182EE400CCED04 /* ELCViewController.m */; };
		C9CB2DE918182EE400CCED04 /* Images.xcassets in Resources */ = {isa = PBXBuildFile; fileRef = C9CB2DE818182EE400CCED04 /* Images.xcassets */; };
		C9CB2DF018182EE400CCED04 /* XCTest.framework in Frameworks */ = {isa = PBXBuildFile; fileRef = C9CB2DEF18182EE400CCED04 /* XCTest.framework */; };
		C9CB2DF118182EE400CCED04 /* Foundation.framework in Frameworks */ = {isa = PBXBuildFile; fileRef = C9CB2DD018182EE400CCED04 /* Foundation.framework */; };
		C9CB2DF218182EE400CCED04 /* UIKit.framework in Frameworks */ = {isa = PBXBuildFile; fileRef = C9CB2DD418182EE400CCED04 /* UIKit.framework */; };
		C9CB2DFA18182EE400CCED04 /* InfoPlist.strings in Resources */ = {isa = PBXBuildFile; fileRef = C9CB2DF818182EE400CCED04 /* InfoPlist.strings */; };
		C9CB2DFC18182EE400CCED04 /* OutOfThisWorldTests.m in Sources */ = {isa = PBXBuildFile; fileRef = C9CB2DFB18182EE400CCED04 /* OutOfThisWorldTests.m */; };
		C9CB66C518566117007BCF2D /* Earth.jpg in Resources */ = {isa = PBXBuildFile; fileRef = C9CB66BB18566117007BCF2D /* Earth.jpg */; };
		C9CB66C618566117007BCF2D /* EinsteinRing.jpg in Resources */ = {isa = PBXBuildFile; fileRef = C9CB66BC18566117007BCF2D /* EinsteinRing.jpg */; };
		C9CB66C718566117007BCF2D /* Jupiter.jpg in Resources */ = {isa = PBXBuildFile; fileRef = C9CB66BD18566117007BCF2D /* Jupiter.jpg */; };
		C9CB66C818566117007BCF2D /* Mars.jpg in Resources */ = {isa = PBXBuildFile; fileRef = C9CB66BE18566117007BCF2D /* Mars.jpg */; };
		C9CB66C918566117007BCF2D /* Mercury.jpg in Resources */ = {isa = PBXBuildFile; fileRef = C9CB66BF18566117007BCF2D /* Mercury.jpg */; };
		C9CB66CA18566117007BCF2D /* Neptune.jpg in Resources */ = {isa = PBXBuildFile; fileRef = C9CB66C018566117007BCF2D /* Neptune.jpg */; };
		C9CB66CB18566117007BCF2D /* Orion.jpg in Resources */ = {isa = PBXBuildFile; fileRef = C9CB66C118566117007BCF2D /* Orion.jpg */; };
		C9CB66CC18566117007BCF2D /* Saturn.jpg in Resources */ = {isa = PBXBuildFile; fileRef = C9CB66C218566117007BCF2D /* Saturn.jpg */; };
		C9CB66CD18566117007BCF2D /* Uranus.jpg in Resources */ = {isa = PBXBuildFile; fileRef = C9CB66C318566117007BCF2D /* Uranus.jpg */; };
		C9CB66CE18566117007BCF2D /* Venus.jpg in Resources */ = {isa = PBXBuildFile; fileRef = C9CB66C418566117007BCF2D /* Venus.jpg */; };
		C9CB66D11856631B007BCF2D /* OWSpaceObject.m in Sources */ = {isa = PBXBuildFile; fileRef = C9CB66D01856631B007BCF2D /* OWSpaceObject.m */; };
		C9CEF921181AC30800231EE5 /* ELCSpaceObjectsTableViewController.m in Sources */ = {isa = PBXBuildFile; fileRef = C9CEF920181AC30800231EE5 /* ELCSpaceObjectsTableViewController.m */; };
/* End PBXBuildFile section */

/* Begin PBXContainerItemProxy section */
		C9CB2DF318182EE400CCED04 /* PBXContainerItemProxy */ = {
			isa = PBXContainerItemProxy;
			containerPortal = C9CB2DC518182EE400CCED04 /* Project object */;
			proxyType = 1;
			remoteGlobalIDString = C9CB2DCC18182EE400CCED04;
			remoteInfo = OutOfThisWorld;
		};
/* End PBXContainerItemProxy section */

/* Begin PBXFileReference section */
		C93D3F4718888CC60082B63F /* ELCSpaceImageViewController.h */ = {isa = PBXFileReference; fileEncoding = 4; lastKnownFileType = sourcecode.c.h; path = ELCSpaceImageViewController.h; sourceTree = "<group>"; };
		C93D3F4818888CC60082B63F /* ELCSpaceImageViewController.m */ = {isa = PBXFileReference; fileEncoding = 4; lastKnownFileType = sourcecode.c.objc; path = ELCSpaceImageViewController.m; sourceTree = "<group>"; };
		C9495C5D181DAE3900F41065 /* AstronomicalData.h */ = {isa = PBXFileReference; fileEncoding = 4; lastKnownFileType = sourcecode.c.h; path = AstronomicalData.h; sourceTree = "<group>"; };
		C9495C5E181DAE3900F41065 /* AstronomicalData.m */ = {isa = PBXFileReference; fileEncoding = 4; lastKnownFileType = sourcecode.c.objc; path = AstronomicalData.m; sourceTree = "<group>"; };
		C9A0E00C1875E52600A0AB51 /* ELCTableViewCell.h */ = {isa = PBXFileReference; fileEncoding = 4; lastKnownFileType = sourcecode.c.h; path = ELCTableViewCell.h; sourceTree = "<group>"; };
		C9A0E00D1875E52600A0AB51 /* ELCTableViewCell.m */ = {isa = PBXFileReference; fileEncoding = 4; lastKnownFileType = sourcecode.c.objc; path = ELCTableViewCell.m; sourceTree = "<group>"; };
		C9A70B0618A159E50059ED44 /* ELCSpaceDataViewController.h */ = {isa = PBXFileReference; fileEncoding = 4; lastKnownFileType = sourcecode.c.h; path = ELCSpaceDataViewController.h; sourceTree = "<group>"; };
		C9A70B0718A159E50059ED44 /* ELCSpaceDataViewController.m */ = {isa = PBXFileReference; fileEncoding = 4; lastKnownFileType = sourcecode.c.objc; path = ELCSpaceDataViewController.m; sourceTree = "<group>"; };
		C9CB2DCD18182EE400CCED04 /* OutOfThisWorld.app */ = {isa = PBXFileReference; explicitFileType = wrapper.application; includeInIndex = 0; path = OutOfThisWorld.app; sourceTree = BUILT_PRODUCTS_DIR; };
		C9CB2DD018182EE400CCED04 /* Foundation.framework */ = {isa = PBXFileReference; lastKnownFileType = wrapper.framework; name = Foundation.framework; path = System/Library/Frameworks/Foundation.framework; sourceTree = SDKROOT; };
		C9CB2DD218182EE400CCED04 /* CoreGraphics.framework */ = {isa = PBXFileReference; lastKnownFileType = wrapper.framework; name = CoreGraphics.framework; path = System/Library/Frameworks/CoreGraphics.framework; sourceTree = SDKROOT; };
		C9CB2DD418182EE400CCED04 /* UIKit.framework */ = {isa = PBXFileReference; lastKnownFileType = wrapper.framework; name = UIKit.framework; path = System/Library/Frameworks/UIKit.framework; sourceTree = SDKROOT; };
		C9CB2DD818182EE400CCED04 /* OutOfThisWorld-Info.plist */ = {isa = PBXFileReference; lastKnownFileType = text.plist.xml; path = "OutOfThisWorld-Info.plist"; sourceTree = "<group>"; };
		C9CB2DDA18182EE400CCED04 /* en */ = {isa = PBXFileReference; lastKnownFileType = text.plist.strings; name = en; path = en.lproj/InfoPlist.strings; sourceTree = "<group>"; };
		C9CB2DDC18182EE400CCED04 /* main.m */ = {isa = PBXFileReference; lastKnownFileType = sourcecode.c.objc; path = main.m; sourceTree = "<group>"; };
		C9CB2DDE18182EE400CCED04 /* OutOfThisWorld-Prefix.pch */ = {isa = PBXFileReference; lastKnownFileType = sourcecode.c.h; path = "OutOfThisWorld-Prefix.pch"; sourceTree = "<group>"; };
		C9CB2DDF18182EE400CCED04 /* ELCAppDelegate.h */ = {isa = PBXFileReference; lastKnownFileType = sourcecode.c.h; path = ELCAppDelegate.h; sourceTree = "<group>"; };
		C9CB2DE018182EE400CCED04 /* ELCAppDelegate.m */ = {isa = PBXFileReference; lastKnownFileType = sourcecode.c.objc; path = ELCAppDelegate.m; sourceTree = "<group>"; };
		C9CB2DE318182EE400CCED04 /* Base */ = {isa = PBXFileReference; lastKnownFileType = file.storyboard; name = Base; path = Base.lproj/Main.storyboard; sourceTree = "<group>"; };
		C9CB2DE518182EE400CCED04 /* ELCViewController.h */ = {isa = PBXFileReference; lastKnownFileType = sourcecode.c.h; path = ELCViewController.h; sourceTree = "<group>"; };
		C9CB2DE618182EE400CCED04 /* ELCViewController.m */ = {isa = PBXFileReference; lastKnownFileType = sourcecode.c.objc; path = ELCViewController.m; sourceTree = "<group>"; };
		C9CB2DE818182EE400CCED04 /* Images.xcassets */ = {isa = PBXFileReference; lastKnownFileType = folder.assetcatalog; path = Images.xcassets; sourceTree = "<group>"; };
		C9CB2DEE18182EE400CCED04 /* OutOfThisWorldTests.xctest */ = {isa = PBXFileReference; explicitFileType = wrapper.cfbundle; includeInIndex = 0; path = OutOfThisWorldTests.xctest; sourceTree = BUILT_PRODUCTS_DIR; };
		C9CB2DEF18182EE400CCED04 /* XCTest.framework */ = {isa = PBXFileReference; lastKnownFileType = wrapper.framework; name = XCTest.framework; path = Library/Frameworks/XCTest.framework; sourceTree = DEVELOPER_DIR; };
		C9CB2DF718182EE400CCED04 /* OutOfThisWorldTests-Info.plist */ = {isa = PBXFileReference; lastKnownFileType = text.plist.xml; path = "OutOfThisWorldTests-Info.plist"; sourceTree = "<group>"; };
		C9CB2DF918182EE400CCED04 /* en */ = {isa = PBXFileReference; lastKnownFileType = text.plist.strings; name = en; path = en.lproj/InfoPlist.strings; sourceTree = "<group>"; };
		C9CB2DFB18182EE400CCED04 /* OutOfThisWorldTests.m */ = {isa = PBXFileReference; lastKnownFileType = sourcecode.c.objc; path = OutOfThisWorldTests.m; sourceTree = "<group>"; };
		C9CB66BB18566117007BCF2D /* Earth.jpg */ = {isa = PBXFileReference; lastKnownFileType = image.jpeg; path = Earth.jpg; sourceTree = "<group>"; };
		C9CB66BC18566117007BCF2D /* EinsteinRing.jpg */ = {isa = PBXFileReference; lastKnownFileType = image.jpeg; path = EinsteinRing.jpg; sourceTree = "<group>"; };
		C9CB66BD18566117007BCF2D /* Jupiter.jpg */ = {isa = PBXFileReference; lastKnownFileType = image.jpeg; path = Jupiter.jpg; sourceTree = "<group>"; };
		C9CB66BE18566117007BCF2D /* Mars.jpg */ = {isa = PBXFileReference; lastKnownFileType = image.jpeg; path = Mars.jpg; sourceTree = "<group>"; };
		C9CB66BF18566117007BCF2D /* Mercury.jpg */ = {isa = PBXFileReference; lastKnownFileType = image.jpeg; path = Mercury.jpg; sourceTree = "<group>"; };
		C9CB66C018566117007BCF2D /* Neptune.jpg */ = {isa = PBXFileReference; lastKnownFileType = image.jpeg; path = Neptune.jpg; sourceTree = "<group>"; };
		C9CB66C118566117007BCF2D /* Orion.jpg */ = {isa = PBXFileReference; lastKnownFileType = image.jpeg; path = Orion.jpg; sourceTree = "<group>"; };
		C9CB66C218566117007BCF2D /* Saturn.jpg */ = {isa = PBXFileReference; lastKnownFileType = image.jpeg; path = Saturn.jpg; sourceTree = "<group>"; };
		C9CB66C318566117007BCF2D /* Uranus.jpg */ = {isa = PBXFileReference; lastKnownFileType = image.jpeg; path = Uranus.jpg; sourceTree = "<group>"; };
		C9CB66C418566117007BCF2D /* Venus.jpg */ = {isa = PBXFileReference; lastKnownFileType = image.jpeg; path = Venus.jpg; sourceTree = "<group>"; };
		C9CB66CF1856631B007BCF2D /* OWSpaceObject.h */ = {isa = PBXFileReference; fileEncoding = 4; lastKnownFileType = sourcecode.c.h; path = OWSpaceObject.h; sourceTree = "<group>"; };
		C9CB66D01856631B007BCF2D /* OWSpaceObject.m */ = {isa = PBXFileReference; fileEncoding = 4; lastKnownFileType = sourcecode.c.objc; path = OWSpaceObject.m; sourceTree = "<group>"; };
		C9CEF91F181AC30800231EE5 /* ELCSpaceObjectsTableViewController.h */ = {isa = PBXFileReference; fileEncoding = 4; lastKnownFileType = sourcecode.c.h; path = ELCSpaceObjectsTableViewController.h; sourceTree = "<group>"; };
		C9CEF920181AC30800231EE5 /* ELCSpaceObjectsTableViewController.m */ = {isa = PBXFileReference; fileEncoding = 4; lastKnownFileType = sourcecode.c.objc; path = ELCSpaceObjectsTableViewController.m; sourceTree = "<group>"; };
/* End PBXFileReference section */

/* Begin PBXFrameworksBuildPhase section */
		C9CB2DCA18182EE400CCED04 /* Frameworks */ = {
			isa = PBXFrameworksBuildPhase;
			buildActionMask = 2147483647;
			files = (
				C9CB2DD318182EE400CCED04 /* CoreGraphics.framework in Frameworks */,
				C9CB2DD518182EE400CCED04 /* UIKit.framework in Frameworks */,
				C9CB2DD118182EE400CCED04 /* Foundation.framework in Frameworks */,
			);
			runOnlyForDeploymentPostprocessing = 0;
		};
		C9CB2DEB18182EE400CCED04 /* Frameworks */ = {
			isa = PBXFrameworksBuildPhase;
			buildActionMask = 2147483647;
			files = (
				C9CB2DF018182EE400CCED04 /* XCTest.framework in Frameworks */,
				C9CB2DF218182EE400CCED04 /* UIKit.framework in Frameworks */,
				C9CB2DF118182EE400CCED04 /* Foundation.framework in Frameworks */,
			);
			runOnlyForDeploymentPostprocessing = 0;
		};
/* End PBXFrameworksBuildPhase section */

/* Begin PBXGroup section */
		C9CB2DC418182EE400CCED04 = {
			isa = PBXGroup;
			children = (
				C9CB2DD618182EE400CCED04 /* OutOfThisWorld */,
				C9CB2DF518182EE400CCED04 /* OutOfThisWorldTests */,
				C9CB2DCF18182EE400CCED04 /* Frameworks */,
				C9CB2DCE18182EE400CCED04 /* Products */,
			);
			sourceTree = "<group>";
		};
		C9CB2DCE18182EE400CCED04 /* Products */ = {
			isa = PBXGroup;
			children = (
				C9CB2DCD18182EE400CCED04 /* OutOfThisWorld.app */,
				C9CB2DEE18182EE400CCED04 /* OutOfThisWorldTests.xctest */,
			);
			name = Products;
			sourceTree = "<group>";
		};
		C9CB2DCF18182EE400CCED04 /* Frameworks */ = {
			isa = PBXGroup;
			children = (
				C9CB2DD018182EE400CCED04 /* Foundation.framework */,
				C9CB2DD218182EE400CCED04 /* CoreGraphics.framework */,
				C9CB2DD418182EE400CCED04 /* UIKit.framework */,
				C9CB2DEF18182EE400CCED04 /* XCTest.framework */,
			);
			name = Frameworks;
			sourceTree = "<group>";
		};
		C9CB2DD618182EE400CCED04 /* OutOfThisWorld */ = {
			isa = PBXGroup;
			children = (
				C9CB2DDF18182EE400CCED04 /* ELCAppDelegate.h */,
				C9CB2DE018182EE400CCED04 /* ELCAppDelegate.m */,
				C9CB2DE218182EE400CCED04 /* Main.storyboard */,
				C9A70B0618A159E50059ED44 /* ELCSpaceDataViewController.h */,
				C9A70B0718A159E50059ED44 /* ELCSpaceDataViewController.m */,
				C9CB2DE518182EE400CCED04 /* ELCViewController.h */,
				C9CB2DE618182EE400CCED04 /* ELCViewController.m */,
				C9CEF91F181AC30800231EE5 /* ELCSpaceObjectsTableViewController.h */,
				C9CEF920181AC30800231EE5 /* ELCSpaceObjectsTableViewController.m */,
				C93D3F4718888CC60082B63F /* ELCSpaceImageViewController.h */,
				C93D3F4818888CC60082B63F /* ELCSpaceImageViewController.m */,
				C9A0E00C1875E52600A0AB51 /* ELCTableViewCell.h */,
				C9A0E00D1875E52600A0AB51 /* ELCTableViewCell.m */,
				C9CB66CF1856631B007BCF2D /* OWSpaceObject.h */,
				C9CB66D01856631B007BCF2D /* OWSpaceObject.m */,
				C9495C5D181DAE3900F41065 /* AstronomicalData.h */,
				C9495C5E181DAE3900F41065 /* AstronomicalData.m */,
				C9CB2DE818182EE400CCED04 /* Images.xcassets */,
				C9CB2DD718182EE400CCED04 /* Supporting Files */,
			);
			path = OutOfThisWorld;
			sourceTree = "<group>";
		};
		C9CB2DD718182EE400CCED04 /* Supporting Files */ = {
			isa = PBXGroup;
			children = (
				C9CB66BA18566117007BCF2D /* PlanetImages */,
				C9CB2DD818182EE400CCED04 /* OutOfThisWorld-Info.plist */,
				C9CB2DD918182EE400CCED04 /* InfoPlist.strings */,
				C9CB2DDC18182EE400CCED04 /* main.m */,
				C9CB2DDE18182EE400CCED04 /* OutOfThisWorld-Prefix.pch */,
			);
			name = "Supporting Files";
			sourceTree = "<group>";
		};
		C9CB2DF518182EE400CCED04 /* OutOfThisWorldTests */ = {
			isa = PBXGroup;
			children = (
				C9CB2DFB18182EE400CCED04 /* OutOfThisWorldTests.m */,
				C9CB2DF618182EE400CCED04 /* Supporting Files */,
			);
			path = OutOfThisWorldTests;
			sourceTree = "<group>";
		};
		C9CB2DF618182EE400CCED04 /* Supporting Files */ = {
			isa = PBXGroup;
			children = (
				C9CB2DF718182EE400CCED04 /* OutOfThisWorldTests-Info.plist */,
				C9CB2DF818182EE400CCED04 /* InfoPlist.strings */,
			);
			name = "Supporting Files";
			sourceTree = "<group>";
		};
		C9CB66BA18566117007BCF2D /* PlanetImages */ = {
			isa = PBXGroup;
			children = (
				C9CB66BB18566117007BCF2D /* Earth.jpg */,
				C9CB66BC18566117007BCF2D /* EinsteinRing.jpg */,
				C9CB66BD18566117007BCF2D /* Jupiter.jpg */,
				C9CB66BE18566117007BCF2D /* Mars.jpg */,
				C9CB66BF18566117007BCF2D /* Mercury.jpg */,
				C9CB66C018566117007BCF2D /* Neptune.jpg */,
				C9CB66C118566117007BCF2D /* Orion.jpg */,
				C9CB66C218566117007BCF2D /* Saturn.jpg */,
				C9CB66C318566117007BCF2D /* Uranus.jpg */,
				C9CB66C418566117007BCF2D /* Venus.jpg */,
			);
			path = PlanetImages;
			sourceTree = "<group>";
		};
/* End PBXGroup section */

/* Begin PBXNativeTarget section */
		C9CB2DCC18182EE400CCED04 /* OutOfThisWorld */ = {
			isa = PBXNativeTarget;
			buildConfigurationList = C9CB2DFF18182EE400CCED04 /* Build configuration list for PBXNativeTarget "OutOfThisWorld" */;
			buildPhases = (
				C9CB2DC918182EE400CCED04 /* Sources */,
				C9CB2DCA18182EE400CCED04 /* Frameworks */,
				C9CB2DCB18182EE400CCED04 /* Resources */,
			);
			buildRules = (
			);
			dependencies = (
			);
			name = OutOfThisWorld;
			productName = OutOfThisWorld;
			productReference = C9CB2DCD18182EE400CCED04 /* OutOfThisWorld.app */;
			productType = "com.apple.product-type.application";
		};
		C9CB2DED18182EE400CCED04 /* OutOfThisWorldTests */ = {
			isa = PBXNativeTarget;
			buildConfigurationList = C9CB2E0218182EE400CCED04 /* Build configuration list for PBXNativeTarget "OutOfThisWorldTests" */;
			buildPhases = (
				C9CB2DEA18182EE400CCED04 /* Sources */,
				C9CB2DEB18182EE400CCED04 /* Frameworks */,
				C9CB2DEC18182EE400CCED04 /* Resources */,
			);
			buildRules = (
			);
			dependencies = (
				C9CB2DF418182EE400CCED04 /* PBXTargetDependency */,
			);
			name = OutOfThisWorldTests;
			productName = OutOfThisWorldTests;
			productReference = C9CB2DEE18182EE400CCED04 /* OutOfThisWorldTests.xctest */;
			productType = "com.apple.product-type.bundle.unit-test";
		};
/* End PBXNativeTarget section */

/* Begin PBXProject section */
		C9CB2DC518182EE400CCED04 /* Project object */ = {
			isa = PBXProject;
			attributes = {
				CLASSPREFIX = ELC;
				LastUpgradeCheck = 0500;
				ORGANIZATIONNAME = "Eliza Cooper";
				TargetAttributes = {
					C9CB2DED18182EE400CCED04 = {
						TestTargetID = C9CB2DCC18182EE400CCED04;
					};
				};
			};
			buildConfigurationList = C9CB2DC818182EE400CCED04 /* Build configuration list for PBXProject "OutOfThisWorld" */;
			compatibilityVersion = "Xcode 3.2";
			developmentRegion = English;
			hasScannedForEncodings = 0;
			knownRegions = (
				en,
				Base,
			);
			mainGroup = C9CB2DC418182EE400CCED04;
			productRefGroup = C9CB2DCE18182EE400CCED04 /* Products */;
			projectDirPath = "";
			projectRoot = "";
			targets = (
				C9CB2DCC18182EE400CCED04 /* OutOfThisWorld */,
				C9CB2DED18182EE400CCED04 /* OutOfThisWorldTests */,
			);
		};
/* End PBXProject section */

/* Begin PBXResourcesBuildPhase section */
		C9CB2DCB18182EE400CCED04 /* Resources */ = {
			isa = PBXResourcesBuildPhase;
			buildActionMask = 2147483647;
			files = (
				C9CB66C518566117007BCF2D /* Earth.jpg in Resources */,
				C9CB66CE18566117007BCF2D /* Venus.jpg in Resources */,
				C9CB66C918566117007BCF2D /* Mercury.jpg in Resources */,
				C9CB66CC18566117007BCF2D /* Saturn.jpg in Resources */,
				C9CB66CD18566117007BCF2D /* Uranus.jpg in Resources */,
				C9CB2DE918182EE400CCED04 /* Images.xcassets in Resources */,
				C9CB66CA18566117007BCF2D /* Neptune.jpg in Resources */,
				C9CB66C818566117007BCF2D /* Mars.jpg in Resources */,
				C9CB2DDB18182EE400CCED04 /* InfoPlist.strings in Resources */,
				C9CB2DE418182EE400CCED04 /* Main.storyboard in Resources */,
				C9CB66C618566117007BCF2D /* EinsteinRing.jpg in Resources */,
				C9CB66C718566117007BCF2D /* Jupiter.jpg in Resources */,
				C9CB66CB18566117007BCF2D /* Orion.jpg in Resources */,
			);
			runOnlyForDeploymentPostprocessing = 0;
		};
		C9CB2DEC18182EE400CCED04 /* Resources */ = {
			isa = PBXResourcesBuildPhase;
			buildActionMask = 2147483647;
			files = (
				C9CB2DFA18182EE400CCED04 /* InfoPlist.strings in Resources */,
			);
			runOnlyForDeploymentPostprocessing = 0;
		};
/* End PBXResourcesBuildPhase section */

/* Begin PBXSourcesBuildPhase section */
		C9CB2DC918182EE400CCED04 /* Sources */ = {
			isa = PBXSourcesBuildPhase;
			buildActionMask = 2147483647;
			files = (
				C9495C5F181DAE3900F41065 /* AstronomicalData.m in Sources */,
				C9A0E00E1875E52600A0AB51 /* ELCTableViewCell.m in Sources */,
				C93D3F4918888CC60082B63F /* ELCSpaceImageViewController.m in Sources */,
				C9CEF921181AC30800231EE5 /* ELCSpaceObjectsTableViewController.m in Sources */,
				C9CB2DDD18182EE400CCED04 /* main.m in Sources */,
				C9CB2DE718182EE400CCED04 /* ELCViewController.m in Sources */,
				C9CB2DE118182EE400CCED04 /* ELCAppDelegate.m in Sources */,
				C9CB66D11856631B007BCF2D /* OWSpaceObject.m in Sources */,
				C9A70B0818A159E50059ED44 /* ELCSpaceDataViewController.m in Sources */,
			);
			runOnlyForDeploymentPostprocessing = 0;
		};
		C9CB2DEA18182EE400CCED04 /* Sources */ = {
			isa = PBXSourcesBuildPhase;
			buildActionMask = 2147483647;
			files = (
				C9CB2DFC18182EE400CCED04 /* OutOfThisWorldTests.m in Sources */,
			);
			runOnlyForDeploymentPostprocessing = 0;
		};
/* End PBXSourcesBuildPhase section */

/* Begin PBXTargetDependency section */
		C9CB2DF418182EE400CCED04 /* PBXTargetDependency */ = {
			isa = PBXTargetDependency;
			target = C9CB2DCC18182EE400CCED04 /* OutOfThisWorld */;
			targetProxy = C9CB2DF318182EE400CCED04 /* PBXContainerItemProxy */;
		};
/* End PBXTargetDependency section */

/* Begin PBXVariantGroup section */
		C9CB2DD918182EE400CCED04 /* InfoPlist.strings */ = {
			isa = PBXVariantGroup;
			children = (
				C9CB2DDA18182EE400CCED04 /* en */,
			);
			name = InfoPlist.strings;
			sourceTree = "<group>";
		};
		C9CB2DE218182EE400CCED04 /* Main.storyboard */ = {
			isa = PBXVariantGroup;
			children = (
				C9CB2DE318182EE400CCED04 /* Base */,
			);
			name = Main.storyboard;
			sourceTree = "<group>";
		};
		C9CB2DF818182EE400CCED04 /* InfoPlist.strings */ = {
			isa = PBXVariantGroup;
			children = (
				C9CB2DF918182EE400CCED04 /* en */,
			);
			name = InfoPlist.strings;
			sourceTree = "<group>";
		};
/* End PBXVariantGroup section */

/* Begin XCBuildConfiguration section */
		C9CB2DFD18182EE400CCED04 /* Debug */ = {
			isa = XCBuildConfiguration;
			buildSettings = {
				ALWAYS_SEARCH_USER_PATHS = NO;
				ARCHS = "$(ARCHS_STANDARD_INCLUDING_64_BIT)";
				CLANG_CXX_LANGUAGE_STANDARD = "gnu++0x";
				CLANG_CXX_LIBRARY = "libc++";
				CLANG_ENABLE_MODULES = YES;
				CLANG_ENABLE_OBJC_ARC = YES;
				CLANG_WARN_BOOL_CONVERSION = YES;
				CLANG_WARN_CONSTANT_CONVERSION = YES;
				CLANG_WARN_DIRECT_OBJC_ISA_USAGE = YES_ERROR;
				CLANG_WARN_EMPTY_BODY = YES;
				CLANG_WARN_ENUM_CONVERSION = YES;
				CLANG_WARN_INT_CONVERSION = YES;
				CLANG_WARN_OBJC_ROOT_CLASS = YES_ERROR;
				CLANG_WARN__DUPLICATE_METHOD_MATCH = YES;
				"CODE_SIGN_IDENTITY[sdk=iphoneos*]" = "iPhone Developer";
				COPY_PHASE_STRIP = NO;
				GCC_C_LANGUAGE_STANDARD = gnu99;
				GCC_DYNAMIC_NO_PIC = NO;
				GCC_OPTIMIZATION_LEVEL = 0;
				GCC_PREPROCESSOR_DEFINITIONS = (
					"DEBUG=1",
					"$(inherited)",
				);
				GCC_SYMBOLS_PRIVATE_EXTERN = NO;
				GCC_WARN_64_TO_32_BIT_CONVERSION = YES;
				GCC_WARN_ABOUT_RETURN_TYPE = YES_ERROR;
				GCC_WARN_UNDECLARED_SELECTOR = YES;
				GCC_WARN_UNINITIALIZED_AUTOS = YES;
				GCC_WARN_UNUSED_FUNCTION = YES;
				GCC_WARN_UNUSED_VARIABLE = YES;
				IPHONEOS_DEPLOYMENT_TARGET = 7.0;
				ONLY_ACTIVE_ARCH = YES;
				SDKROOT = iphoneos;
			};
			name = Debug;
		};
		C9CB2DFE18182EE400CCED04 /* Release */ = {
			isa = XCBuildConfiguration;
			buildSettings = {
				ALWAYS_SEARCH_USER_PATHS = NO;
				ARCHS = "$(ARCHS_STANDARD_INCLUDING_64_BIT)";
				CLANG_CXX_LANGUAGE_STANDARD = "gnu++0x";
				CLANG_CXX_LIBRARY = "libc++";
				CLANG_ENABLE_MODULES = YES;
				CLANG_ENABLE_OBJC_ARC = YES;
				CLANG_WARN_BOOL_CONVERSION = YES;
				CLANG_WARN_CONSTANT_CONVERSION = YES;
				CLANG_WARN_DIRECT_OBJC_ISA_USAGE = YES_ERROR;
				CLANG_WARN_EMPTY_BODY = YES;
				CLANG_WARN_ENUM_CONVERSION = YES;
				CLANG_WARN_INT_CONVERSION = YES;
				CLANG_WARN_OBJC_ROOT_CLASS = YES_ERROR;
				CLANG_WARN__DUPLICATE_METHOD_MATCH = YES;
				"CODE_SIGN_IDENTITY[sdk=iphoneos*]" = "iPhone Developer";
				COPY_PHASE_STRIP = YES;
				ENABLE_NS_ASSERTIONS = NO;
				GCC_C_LANGUAGE_STANDARD = gnu99;
				GCC_WARN_64_TO_32_BIT_CONVERSION = YES;
				GCC_WARN_ABOUT_RETURN_TYPE = YES_ERROR;
				GCC_WARN_UNDECLARED_SELECTOR = YES;
				GCC_WARN_UNINITIALIZED_AUTOS = YES;
				GCC_WARN_UNUSED_FUNCTION = YES;
				GCC_WARN_UNUSED_VARIABLE = YES;
				IPHONEOS_DEPLOYMENT_TARGET = 7.0;
				SDKROOT = iphoneos;
				VALIDATE_PRODUCT = YES;
			};
			name = Release;
		};
		C9CB2E0018182EE400CCED04 /* Debug */ = {
			isa = XCBuildConfiguration;
			buildSettings = {
				ASSETCATALOG_COMPILER_APPICON_NAME = AppIcon;
				ASSETCATALOG_COMPILER_LAUNCHIMAGE_NAME = LaunchImage;
				GCC_PRECOMPILE_PREFIX_HEADER = YES;
				GCC_PREFIX_HEADER = "OutOfThisWorld/OutOfThisWorld-Prefix.pch";
				INFOPLIST_FILE = "OutOfThisWorld/OutOfThisWorld-Info.plist";
				PRODUCT_NAME = "$(TARGET_NAME)";
				WRAPPER_EXTENSION = app;
			};
			name = Debug;
		};
		C9CB2E0118182EE400CCED04 /* Release */ = {
			isa = XCBuildConfiguration;
			buildSettings = {
				ASSETCATALOG_COMPILER_APPICON_NAME = AppIcon;
				ASSETCATALOG_COMPILER_LAUNCHIMAGE_NAME = LaunchImage;
				GCC_PRECOMPILE_PREFIX_HEADER = YES;
				GCC_PREFIX_HEADER = "OutOfThisWorld/OutOfThisWorld-Prefix.pch";
				INFOPLIST_FILE = "OutOfThisWorld/OutOfThisWorld-Info.plist";
				PRODUCT_NAME = "$(TARGET_NAME)";
				WRAPPER_EXTENSION = app;
			};
			name = Release;
		};
		C9CB2E0318182EE400CCED04 /* Debug */ = {
			isa = XCBuildConfiguration;
			buildSettings = {
				ARCHS = "$(ARCHS_STANDARD_INCLUDING_64_BIT)";
				BUNDLE_LOADER = "$(BUILT_PRODUCTS_DIR)/OutOfThisWorld.app/OutOfThisWorld";
				FRAMEWORK_SEARCH_PATHS = (
					"$(SDKROOT)/Developer/Library/Frameworks",
					"$(inherited)",
					"$(DEVELOPER_FRAMEWORKS_DIR)",
				);
				GCC_PRECOMPILE_PREFIX_HEADER = YES;
				GCC_PREFIX_HEADER = "OutOfThisWorld/OutOfThisWorld-Prefix.pch";
				GCC_PREPROCESSOR_DEFINITIONS = (
					"DEBUG=1",
					"$(inherited)",
				);
				INFOPLIST_FILE = "OutOfThisWorldTests/OutOfThisWorldTests-Info.plist";
				PRODUCT_NAME = "$(TARGET_NAME)";
				TEST_HOST = "$(BUNDLE_LOADER)";
				WRAPPER_EXTENSION = xctest;
			};
			name = Debug;
		};
		C9CB2E0418182EE400CCED04 /* Release */ = {
			isa = XCBuildConfiguration;
			buildSettings = {
				ARCHS = "$(ARCHS_STANDARD_INCLUDING_64_BIT)";
				BUNDLE_LOADER = "$(BUILT_PRODUCTS_DIR)/OutOfThisWorld.app/OutOfThisWorld";
				FRAMEWORK_SEARCH_PATHS = (
					"$(SDKROOT)/Developer/Library/Frameworks",
					"$(inherited)",
					"$(DEVELOPER_FRAMEWORKS_DIR)",
				);
				GCC_PRECOMPILE_PREFIX_HEADER = YES;
				GCC_PREFIX_HEADER = "OutOfThisWorld/OutOfThisWorld-Prefix.pch";
				INFOPLIST_FILE = "OutOfThisWorldTests/OutOfThisWorldTests-Info.plist";
				PRODUCT_NAME = "$(TARGET_NAME)";
				TEST_HOST = "$(BUNDLE_LOADER)";
				WRAPPER_EXTENSION = xctest;
			};
			name = Release;
		};
/* End XCBuildConfiguration section */

/* Begin XCConfigurationList section */
		C9CB2DC818182EE400CCED04 /* Build configuration list for PBXProject "OutOfThisWorld" */ = {
			isa = XCConfigurationList;
			buildConfigurations = (
				C9CB2DFD18182EE400CCED04 /* Debug */,
				C9CB2DFE18182EE400CCED04 /* Release */,
			);
			defaultConfigurationIsVisible = 0;
			defaultConfigurationName = Release;
		};
		C9CB2DFF18182EE400CCED04 /* Build configuration list for PBXNativeTarget "OutOfThisWorld" */ = {
			isa = XCConfigurationList;
			buildConfigurations = (
				C9CB2E0018182EE400CCED04 /* Debug */,
				C9CB2E0118182EE400CCED04 /* Release */,
			);
			defaultConfigurationIsVisible = 0;
			defaultConfigurationName = Release;
		};
		C9CB2E0218182EE400CCED04 /* Build configuration list for PBXNativeTarget "OutOfThisWorldTests" */ = {
			isa = XCConfigurationList;
			buildConfigurations = (
				C9CB2E0318182EE400CCED04 /* Debug */,
				C9CB2E0418182EE400CCED04 /* Release */,
			);
			defaultConfigurationIsVisible = 0;
			defaultConfigurationName = Release;
		};
/* End XCConfigurationList section */
	};
	rootObject = C9CB2DC518182EE400CCED04 /* Project object */;
}
